
Microsoft Visual Studio Solution File, Format Version 11.00
# Visual Studio 2010
Project("{FAE04EC0-301F-11D3-BF4B-00C04F79EFBC}") = "Assembly-CSharp", "Assembly-CSharp.csproj", "{1C4D4421-D740-58EF-A4AA-F6F1D2170A12}"
EndProject
Project("{FAE04EC0-301F-11D3-BF4B-00C04F79EFBC}") = "Assembly-CSharp-Editor", "Assembly-CSharp-Editor.csproj", "{5DD0F6A0-B5B5-F504-06B7-C515721D6FD7}"
EndProject
Global
	GlobalSection(SolutionConfigurationPlatforms) = preSolution
		Debug|Any CPU = Debug|Any CPU
		Release|Any CPU = Release|Any CPU
	EndGlobalSection
	GlobalSection(ProjectConfigurationPlatforms) = postSolution
		{1C4D4421-D740-58EF-A4AA-F6F1D2170A12}.Debug|Any CPU.ActiveCfg = Debug|Any CPU
		{1C4D4421-D740-58EF-A4AA-F6F1D2170A12}.Debug|Any CPU.Build.0 = Debug|Any CPU
		{1C4D4421-D740-58EF-A4AA-F6F1D2170A12}.Release|Any CPU.ActiveCfg = Release|Any CPU
		{1C4D4421-D740-58EF-A4AA-F6F1D2170A12}.Release|Any CPU.Build.0 = Release|Any CPU
		{5DD0F6A0-B5B5-F504-06B7-C515721D6FD7}.Debug|Any CPU.ActiveCfg = Debug|Any CPU
		{5DD0F6A0-B5B5-F504-06B7-C515721D6FD7}.Debug|Any CPU.Build.0 = Debug|Any CPU
		{5DD0F6A0-B5B5-F504-06B7-C515721D6FD7}.Release|Any CPU.ActiveCfg = Release|Any CPU
		{5DD0F6A0-B5B5-F504-06B7-C515721D6FD7}.Release|Any CPU.Build.0 = Release|Any CPU
	EndGlobalSection
	GlobalSection(SolutionProperties) = preSolution
		HideSolutionNode = FALSE
	EndGlobalSection
	GlobalSection(MonoDevelopProperties) = preSolution
		StartupItem = Assembly-CSharp.csproj
	EndGlobalSection
EndGlobal
